{
  "version": "4",
  "specifiers": {
    "jsr:@std/assert@1": "1.0.6",
    "jsr:@std/internal@^1.0.4": "1.0.4",
    "npm:ldapjs-promise@^3.0.6": "3.0.6",
    "npm:ldapts@*": "7.2.1",
    "npm:ldapts@^7.2.1": "7.2.1",
    "npm:mega-rpc@*": "0.0.5",
    "npm:mega-rpc@^0.0.5": "0.0.5",
    "npm:zod@^3.23.8": "3.23.8"
  },
  "jsr": {
    "@std/assert@1.0.6": {
      "integrity": "1904c05806a25d94fe791d6d883b685c9e2dcd60e4f9fc30f4fc5cf010c72207",
      "dependencies": [
        "jsr:@std/internal"
      ]
    },
    "@std/internal@1.0.4": {
      "integrity": "62e8e4911527e5e4f307741a795c0b0a9e6958d0b3790716ae71ce085f755422"
    }
  },
  "npm": {
    "@ldapjs/asn1@1.2.0": {
      "integrity": "sha512-KX/qQJ2xxzvO2/WOvr1UdQ+8P5dVvuOLk/C9b1bIkXxZss8BaR28njXdPgFCpj5aHaf1t8PmuVnea+N9YG9YMw=="
    },
    "@ldapjs/asn1@2.0.0": {
      "integrity": "sha512-G9+DkEOirNgdPmD0I8nu57ygQJKOOgFEMKknEuQvIHbGLwP3ny1mY+OTUYLCbCaGJP4sox5eYgBJRuSUpnAddA=="
    },
    "@ldapjs/attribute@1.0.0": {
      "integrity": "sha512-ptMl2d/5xJ0q+RgmnqOi3Zgwk/TMJYG7dYMC0Keko+yZU6n+oFM59MjQOUht5pxJeS4FWrImhu/LebX24vJNRQ==",
      "dependencies": [
        "@ldapjs/asn1@2.0.0",
        "@ldapjs/protocol",
        "process-warning"
      ]
    },
    "@ldapjs/change@1.0.0": {
      "integrity": "sha512-EOQNFH1RIku3M1s0OAJOzGfAohuFYXFY4s73wOhRm4KFGhmQQ7MChOh2YtYu9Kwgvuq1B0xKciXVzHCGkB5V+Q==",
      "dependencies": [
        "@ldapjs/asn1@2.0.0",
        "@ldapjs/attribute"
      ]
    },
    "@ldapjs/controls@2.1.0": {
      "integrity": "sha512-2pFdD1yRC9V9hXfAWvCCO2RRWK9OdIEcJIos/9cCVP9O4k72BY1bLDQQ4KpUoJnl4y/JoD4iFgM+YWT3IfITWw==",
      "dependencies": [
        "@ldapjs/asn1@1.2.0",
        "@ldapjs/protocol"
      ]
    },
    "@ldapjs/dn@1.1.0": {
      "integrity": "sha512-R72zH5ZeBj/Fujf/yBu78YzpJjJXG46YHFo5E4W1EqfNpo1UsVPqdLrRMXeKIsJT3x9dJVIfR6OpzgINlKpi0A==",
      "dependencies": [
        "@ldapjs/asn1@2.0.0",
        "process-warning"
      ]
    },
    "@ldapjs/filter@2.1.1": {
      "integrity": "sha512-TwPK5eEgNdUO1ABPBUQabcZ+h9heDORE4V9WNZqCtYLKc06+6+UAJ3IAbr0L0bYTnkkWC/JEQD2F+zAFsuikNw==",
      "dependencies": [
        "@ldapjs/asn1@2.0.0",
        "@ldapjs/protocol",
        "process-warning"
      ]
    },
    "@ldapjs/messages@1.3.0": {
      "integrity": "sha512-K7xZpXJ21bj92jS35wtRbdcNrwmxAtPwy4myeh9duy/eR3xQKvikVycbdWVzkYEAVE5Ce520VXNOwCHjomjCZw==",
      "dependencies": [
        "@ldapjs/asn1@2.0.0",
        "@ldapjs/attribute",
        "@ldapjs/change",
        "@ldapjs/controls",
        "@ldapjs/dn",
        "@ldapjs/filter",
        "@ldapjs/protocol",
        "process-warning"
      ]
    },
    "@ldapjs/protocol@1.2.1": {
      "integrity": "sha512-O89xFDLW2gBoZWNXuXpBSM32/KealKCTb3JGtJdtUQc7RjAk8XzrRgyz02cPAwGKwKPxy0ivuC7UP9bmN87egQ=="
    },
    "@types/asn1@0.2.4": {
      "integrity": "sha512-V91DSJ2l0h0gRhVP4oBfBzRBN9lAbPUkGDMCnwedqPKX2d84aAMc9CulOvxdw1f7DfEYx99afab+Rsm3e52jhA==",
      "dependencies": [
        "@types/node"
      ]
    },
    "@types/ldapjs@3.0.6": {
      "integrity": "sha512-E2Tn1ltJDYBsidOT9QG4engaQeQzRQ9aYNxVmjCkD33F7cIeLPgrRDXAYs0O35mK2YDU20c/+ZkNjeAPRGLM0Q==",
      "dependencies": [
        "@types/node"
      ]
    },
    "@types/node@22.5.4": {
      "integrity": "sha512-FDuKUJQm/ju9fT/SeX/6+gBzoPzlVCzfzmGkwKvRHQVxi4BntVbyIwf6a4Xn62mrvndLiml6z/UBXIdEVjQLXg==",
      "dependencies": [
        "undici-types"
      ]
    },
    "abstract-logging@2.0.1": {
      "integrity": "sha512-2BjRTZxTPvheOvGbBslFSYOUkr+SjPtOnrLP33f+VIWLzezQpZcqVg7ja3L4dBXmzzgwT+a029jRx5PCi3JuiA=="
    },
    "asn1@0.2.6": {
      "integrity": "sha512-ix/FxPn0MDjeyJ7i/yoHGFt/EX6LyNbxSEhPPXODPL+KB0VPk86UYfL0lMdy+KCnv+fmvIzySwaK5COwqVbWTQ==",
      "dependencies": [
        "safer-buffer"
      ]
    },
    "assert-plus@1.0.0": {
      "integrity": "sha512-NfJ4UzBCcQGLDlQq7nHxH+tv3kyZ0hHQqF5BO6J7tNJeP5do1llPr8dZ8zHonfhAu0PHAdMkSo+8o0wxg9lZWw=="
    },
    "backoff@2.5.0": {
      "integrity": "sha512-wC5ihrnUXmR2douXmXLCe5O3zg3GKIyvRi/hi58a/XyRxVI+3/yM0PYueQOZXPXQ9pxBislYkw+sF9b7C/RuMA==",
      "dependencies": [
        "precond"
      ]
    },
    "core-util-is@1.0.2": {
      "integrity": "sha512-3lqz5YjWTYnW6dlDa5TLaTCcShfar1e40rmcJVwCBJC6mWlFuj0eCHIElmG1g5kyuJ/GD+8Wn4FFCcz4gJPfaQ=="
    },
    "debug@4.3.7": {
      "integrity": "sha512-Er2nc/H7RrMXZBFCEim6TCmMk02Z8vLC2Rbi1KEBggpo0fS6l0S1nnapwmIi3yW/+GOJap1Krg4w0Hg80oCqgQ==",
      "dependencies": [
        "ms"
      ]
    },
    "extsprintf@1.4.1": {
      "integrity": "sha512-Wrk35e8ydCKDj/ArClo1VrPVmN8zph5V4AtHwIuHhvMXsKf73UT3BOD+azBIW+3wOJ4FhEH7zyaJCFvChjYvMA=="
    },
    "ldapjs-promise@3.0.6": {
      "integrity": "sha512-zdSyoZgnAAkZdJgD5vL9PQDsCZuGUZI8gZuvJ7v1Bc8terZGknPELWCYzfvewz0/9GQLkeMZyAXniDK7c6PqEQ==",
      "dependencies": [
        "@types/ldapjs",
        "abstract-logging",
        "ldapjs"
      ]
    },
    "ldapjs@3.0.7": {
      "integrity": "sha512-1ky+WrN+4CFMuoekUOv7Y1037XWdjKpu0xAPwSP+9KdvmV9PG+qOKlssDV6a+U32apwxdD3is/BZcWOYzN30cg==",
      "dependencies": [
        "@ldapjs/asn1@2.0.0",
        "@ldapjs/attribute",
        "@ldapjs/change",
        "@ldapjs/controls",
        "@ldapjs/dn",
        "@ldapjs/filter",
        "@ldapjs/messages",
        "@ldapjs/protocol",
        "abstract-logging",
        "assert-plus",
        "backoff",
        "once",
        "vasync",
        "verror@1.10.1"
      ]
    },
    "ldapts@7.2.1": {
      "integrity": "sha512-2NSA9drjHdRiApF+TO18c+Hy/uyBLs96OS6Gia4+dPQWPxvqDbu3Ji2beCbNCXTvvgxDj4cLZ0WoOZLt5ojfAg==",
      "dependencies": [
        "@types/asn1",
        "asn1",
        "debug",
        "strict-event-emitter-types",
        "uuid",
        "whatwg-url"
      ]
    },
    "mega-rpc@0.0.5": {
      "integrity": "sha512-wj2CqFgOrMOYDJAIeSRaB1mMAe6kHipox7HmhsTVt5sh25VH3ummxX/fjbEfUIBu4PpS28qs1qLWEyhhfWINSA==",
      "dependencies": [
        "uuid",
        "ws"
      ]
    },
    "ms@2.1.3": {
      "integrity": "sha512-6FlzubTLZG3J2a/NVCAleEhjzq5oxgHyaCU9yYXvcLsvoVaHJq/s5xXI6/XXP6tz7R9xAOtHnSO/tXtF3WRTlA=="
    },
    "once@1.4.0": {
      "integrity": "sha512-lNaJgI+2Q5URQBkccEKHTQOPaXdUxnZZElQTZY0MFUAuaEqe1E+Nyvgdz/aIyNi6Z9MzO5dv1H8n58/GELp3+w==",
      "dependencies": [
        "wrappy"
      ]
    },
    "precond@0.2.3": {
      "integrity": "sha512-QCYG84SgGyGzqJ/vlMsxeXd/pgL/I94ixdNFyh1PusWmTCyVfPJjZ1K1jvHtsbfnXQs2TSkEP2fR7QiMZAnKFQ=="
    },
    "process-warning@2.3.2": {
      "integrity": "sha512-n9wh8tvBe5sFmsqlg+XQhaQLumwpqoAUruLwjCopgTmUBjJ/fjtBsJzKleCaIGBOMXYEhp1YfKl4d7rJ5ZKJGA=="
    },
    "punycode@2.3.1": {
      "integrity": "sha512-vYt7UD1U9Wg6138shLtLOvdAu+8DsC/ilFtEVHcH+wydcSpNE20AfSOduf6MkRFahL5FY7X1oU7nKVZFtfq8Fg=="
    },
    "safer-buffer@2.1.2": {
      "integrity": "sha512-YZo3K82SD7Riyi0E1EQPojLz7kpepnSQI9IyPbHHg1XXXevb5dJI7tpyN2ADxGcQbHG7vcyRHk0cbwqcQriUtg=="
    },
    "strict-event-emitter-types@2.0.0": {
      "integrity": "sha512-Nk/brWYpD85WlOgzw5h173aci0Teyv8YdIAEtV+N88nDB0dLlazZyJMIsN6eo1/AR61l+p6CJTG1JIyFaoNEEA=="
    },
    "tr46@5.0.0": {
      "integrity": "sha512-tk2G5R2KRwBd+ZN0zaEXpmzdKyOYksXwywulIX95MBODjSzMIuQnQ3m8JxgbhnL1LeVo7lqQKsYa1O3Htl7K5g==",
      "dependencies": [
        "punycode"
      ]
    },
    "undici-types@6.19.8": {
      "integrity": "sha512-ve2KP6f/JnbPBFyobGHuerC9g1FYGn/F8n1LWTwNxCEzd6IfqTwUQcNXgEtmmQ6DlRrC1hrSrBnCZPokRrDHjw=="
    },
    "uuid@10.0.0": {
      "integrity": "sha512-8XkAphELsDnEGrDxUOHB3RGvXz6TeuYSGEZBOjtTtPm2lwhGBjLgOzLHB63IUWfBpNucQjND6d3AOudO+H3RWQ=="
    },
    "vasync@2.2.1": {
      "integrity": "sha512-Hq72JaTpcTFdWiNA4Y22Amej2GH3BFmBaKPPlDZ4/oC8HNn2ISHLkFrJU4Ds8R3jcUi7oo5Y9jcMHKjES+N9wQ==",
      "dependencies": [
        "verror@1.10.0"
      ]
    },
    "verror@1.10.0": {
      "integrity": "sha512-ZZKSmDAEFOijERBLkmYfJ+vmk3w+7hOLYDNkRCuRuMJGEmqYNCNLyBBFwWKVMhfwaEF3WOd0Zlw86U/WC/+nYw==",
      "dependencies": [
        "assert-plus",
        "core-util-is",
        "extsprintf"
      ]
    },
    "verror@1.10.1": {
      "integrity": "sha512-veufcmxri4e3XSrT0xwfUR7kguIkaxBeosDg00yDWhk49wdwkSUrvvsm7nc75e1PUyvIeZj6nS8VQRYz2/S4Xg==",
      "dependencies": [
        "assert-plus",
        "core-util-is",
        "extsprintf"
      ]
    },
    "webidl-conversions@7.0.0": {
      "integrity": "sha512-VwddBukDzu71offAQR975unBIGqfKZpM+8ZX6ySk8nYhVoo5CYaZyzt3YBvYtRtO+aoGlqxPg/B87NGVZ/fu6g=="
    },
    "whatwg-url@14.0.0": {
      "integrity": "sha512-1lfMEm2IEr7RIV+f4lUNPOqfFL+pO+Xw3fJSqmjX9AbXcXcYOkCe1P6+9VBZB6n94af16NfZf+sSk0JCBZC9aw==",
      "dependencies": [
        "tr46",
        "webidl-conversions"
      ]
    },
    "wrappy@1.0.2": {
      "integrity": "sha512-l4Sp/DRseor9wL6EvV2+TuQn63dMkPjZ/sp9XkghTEbV9KlPS1xUsZ3u7/IQO4wxtcFB4bgpQPRcR3QCvezPcQ=="
    },
    "ws@8.18.0": {
      "integrity": "sha512-8VbfWfHLbbwu3+N6OKsOMpBdT4kXPDDB9cJk2bJ6mh9ucxdlnNvH1e+roYkKmN9Nxw2yjz7VzeO9oOz2zJ04Pw=="
    },
    "zod@3.23.8": {
      "integrity": "sha512-XBx9AXhXktjUqnepgTiE5flcKIYWi/rme0Eaj+5Y0lftuGBq+jyRu/md4WnuxqgP1ubdpNCsYEYPxrzVHD8d6g=="
    }
  },
  "workspace": {
    "dependencies": [
      "jsr:@std/assert@1",
      "npm:ldapjs-promise@^3.0.6",
      "npm:ldapts@^7.2.1",
      "npm:mega-rpc@^0.0.5",
      "npm:zod@^3.23.8"
    ]
  }
}
